version = 1
revision = 3
requires-python = ">=3.11"

[[package]]
name = "colorama"
version = "0.4.6"
source = { registry = "https://pypi.org/simple" }
sdist = { url = "https://files.pythonhosted.org/packages/d8/53/6f443c9a4a8358a93a6792e2acffb9d9d5cb0a5cfd8802644b7b1c9a02e4/colorama-0.4.6.tar.gz", hash = "sha256:08695f5cb7ed6e0531a20572697297273c47b8cae5a63ffc6d6ed5c201be6e44", size = 27697, upload-time = "2022-10-25T02:36:22.414Z" }
wheels = [
    { url = "https://files.pythonhosted.org/packages/d1/d6/3965ed04c63042e047cb6a3e6ed1a63a35087b6a609aa3a15ed8ac56c221/colorama-0.4.6-py2.py3-none-any.whl", hash = "sha256:4f1d9991f5acc0ca119f9d443620b77f9d6b33703e51011c16baf57afb285fc6", size = 25335, upload-time = "2022-10-25T02:36:20.889Z" },
]

[[package]]
name = "prompt-toolkit"
version = "3.0.52"
source = { registry = "https://pypi.org/simple" }
dependencies = [
    { name = "wcwidth" },
]
sdist = { url = "https://files.pythonhosted.org/packages/a1/96/06e01a7b38dce6fe1db213e061a4602dd6032a8a97ef6c1a862537732421/prompt_toolkit-3.0.52.tar.gz", hash = "sha256:28cde192929c8e7321de85de1ddbe736f1375148b02f2e17edd840042b1be855", size = 434198, upload-time = "2025-08-27T15:24:02.057Z" }
wheels = [
    { url = "https://files.pythonhosted.org/packages/84/03/0d3ce49e2505ae70cf43bc5bb3033955d2fc9f932163e84dc0779cc47f48/prompt_toolkit-3.0.52-py3-none-any.whl", hash = "sha256:9aac639a3bbd33284347de5ad8d68ecc044b91a762dc39b7c21095fcd6a19955", size = 391431, upload-time = "2025-08-27T15:23:59.498Z" },
]

[[package]]
name = "questionary"
version = "2.1.1"
source = { registry = "https://pypi.org/simple" }
dependencies = [
    { name = "prompt-toolkit" },
]
sdist = { url = "https://files.pythonhosted.org/packages/f6/45/eafb0bba0f9988f6a2520f9ca2df2c82ddfa8d67c95d6625452e97b204a5/questionary-2.1.1.tar.gz", hash = "sha256:3d7e980292bb0107abaa79c68dd3eee3c561b83a0f89ae482860b181c8bd412d", size = 25845, upload-time = "2025-08-28T19:00:20.851Z" }
wheels = [
    { url = "https://files.pythonhosted.org/packages/3c/26/1062c7ec1b053db9e499b4d2d5bc231743201b74051c973dadeac80a8f43/questionary-2.1.1-py3-none-any.whl", hash = "sha256:a51af13f345f1cdea62347589fbb6df3b290306ab8930713bfae4d475a7d4a59", size = 36753, upload-time = "2025-08-28T19:00:19.56Z" },
]

[[package]]
name = "tqdm"
version = "4.68.1"
source = { registry = "https://pypi.org/simple" }
dependencies = [
    { name = "colorama", marker = "sys_platform == 'win32'" },
]
sdist = { url = "https://files.pythonhosted.org/packages/06/b3/36c8ecf72e8925200671613332db156d84b99b3aee742a41c1938ebb0808/tqdm-4.68.1.tar.gz", hash = "sha256:fc163d96b287bd031e1aa24421ce4411b25559bd0a1be4fe649bdaa4d2c02bf5", size = 171236, upload-time = "2026-06-05T17:23:15.267Z" }
wheels = [
    { url = "https://files.pythonhosted.org/packages/47/aa/218a0eb34de1f753c83e4d0d1c8e7c4cef27f20dcb8342e024f63a80dc86/tqdm-4.68.1-py3-none-any.whl", hash = "sha256:fea4a90e4023f764914569f7802a297277c5ab1a66be5144143e142e1a4031d8", size = 78354, upload-time = "2026-06-05T17:23:13.654Z" },
]

[[package]]
name = "visualai"
version = "0.1.0"
source = { editable = "." }
dependencies = [
    { name = "questionary" },
    { name = "tqdm" },
]

[package.metadata]
requires-dist = [
    { name = "questionary", specifier = ">=2.0.0" },
    { name = "tqdm", specifier = ">=4.66.0" },
]

[[package]]
name = "wcwidth"
version = "0.8.0"
source = { registry = "https://pypi.org/simple" }
sdist = { url = "https://files.pythonhosted.org/packages/af/44/c833e6b746ffb654e9abacf7ad6c2480a9c8c42e9637c1ae849964fb4dde/wcwidth-0.8.0.tar.gz", hash = "sha256:68a882ff6d14e3d14e0cae590b96a0551be64ce4905408112a8254434a1bdf69", size = 1305357, upload-time = "2026-06-05T21:19:35.667Z" }
wheels = [
    { url = "https://files.pythonhosted.org/packages/fb/17/c68b6cbcfeadbf420b3c3edaf8fda51335bc9c38732adb2d3ba8984dc607/wcwidth-0.8.0-py3-none-any.whl", hash = "sha256:8c75e6099cefd197c4bcc67a486f70b5dbc68f997c05f34a811d853910450d64", size = 324935, upload-time = "2026-06-05T21:19:33.999Z" },
]
